// !$*UTF8*$!
{
	archiveVersion = 1;
	classes = {
	};
	objectVersion = 56;
	objects = {

/* Begin PBXBuildFile section */
		2068833929B1440F00B33E07 /* Squirrel_IOApp.swift in Sources */ = {isa = PBXBuildFile; fileRef = 2068833829B1440F00B33E07 /* Squirrel_IOApp.swift */; };
		2068833B29B1440F00B33E07 /* ContentView.swift in Sources */ = {isa = PBXBuildFile; fileRef = 2068833A29B1440F00B33E07 /* ContentView.swift */; };
		2068833D29B1441100B33E07 /* Assets.xcassets in Resources */ = {isa = PBXBuildFile; fileRef = 2068833C29B1441100B33E07 /* Assets.xcassets */; };
		2068834029B1441100B33E07 /* Preview Assets.xcassets in Resources */ = {isa = PBXBuildFile; fileRef = 2068833F29B1441100B33E07 /* Preview Assets.xcassets */; };
		2068834A29B1441100B33E07 /* Squirrel_IOTests.swift in Sources */ = {isa = PBXBuildFile; fileRef = 2068834929B1441100B33E07 /* Squirrel_IOTests.swift */; };
		2068835429B1441100B33E07 /* Squirrel_IOUITests.swift in Sources */ = {isa = PBXBuildFile; fileRef = 2068835329B1441100B33E07 /* Squirrel_IOUITests.swift */; };
		2068835629B1441100B33E07 /* Squirrel_IOUITestsLaunchTests.swift in Sources */ = {isa = PBXBuildFile; fileRef = 2068835529B1441100B33E07 /* Squirrel_IOUITestsLaunchTests.swift */; };
		20B8867E29BAAD1B00EA71AC /* GoogleService-Info.plist in Resources */ = {isa = PBXBuildFile; fileRef = 20B8867D29BAAD1A00EA71AC /* GoogleService-Info.plist */; };
		20B8867F29BAAD1B00EA71AC /* GoogleService-Info.plist in Resources */ = {isa = PBXBuildFile; fileRef = 20B8867D29BAAD1A00EA71AC /* GoogleService-Info.plist */; };
		20B8868029BAAD1B00EA71AC /* GoogleService-Info.plist in Resources */ = {isa = PBXBuildFile; fileRef = 20B8867D29BAAD1A00EA71AC /* GoogleService-Info.plist */; };
		20B8868329BAADD800EA71AC /* FirebaseAnalytics in Frameworks */ = {isa = PBXBuildFile; productRef = 20B8868229BAADD800EA71AC /* FirebaseAnalytics */; };
		20B8868529BAADD800EA71AC /* FirebaseAnalyticsSwift in Frameworks */ = {isa = PBXBuildFile; productRef = 20B8868429BAADD800EA71AC /* FirebaseAnalyticsSwift */; };
		20B8868729BAADD800EA71AC /* FirebaseAuth in Frameworks */ = {isa = PBXBuildFile; productRef = 20B8868629BAADD800EA71AC /* FirebaseAuth */; };
		20B8868929BAADD800EA71AC /* FirebaseAuthCombine-Community in Frameworks */ = {isa = PBXBuildFile; productRef = 20B8868829BAADD800EA71AC /* FirebaseAuthCombine-Community */; };
		20B8868B29BAADD800EA71AC /* FirebaseDatabase in Frameworks */ = {isa = PBXBuildFile; productRef = 20B8868A29BAADD800EA71AC /* FirebaseDatabase */; };
		20B8868D29BAADD800EA71AC /* FirebaseDatabaseSwift in Frameworks */ = {isa = PBXBuildFile; productRef = 20B8868C29BAADD800EA71AC /* FirebaseDatabaseSwift */; };
		20B886A729BFCAC900EA71AC /* LabelledDivider.swift in Sources */ = {isa = PBXBuildFile; fileRef = 20B886A629BFCAC900EA71AC /* LabelledDivider.swift */; };
		20B886A829BFCAC900EA71AC /* LabelledDivider.swift in Sources */ = {isa = PBXBuildFile; fileRef = 20B886A629BFCAC900EA71AC /* LabelledDivider.swift */; };
		20B886A929BFCAC900EA71AC /* LabelledDivider.swift in Sources */ = {isa = PBXBuildFile; fileRef = 20B886A629BFCAC900EA71AC /* LabelledDivider.swift */; };
		20B886AB29BFCAEA00EA71AC /* LoginPage.swift in Sources */ = {isa = PBXBuildFile; fileRef = 20B886AA29BFCAEA00EA71AC /* LoginPage.swift */; };
		20B886AC29BFCAEA00EA71AC /* LoginPage.swift in Sources */ = {isa = PBXBuildFile; fileRef = 20B886AA29BFCAEA00EA71AC /* LoginPage.swift */; };
		20B886AD29BFCAEA00EA71AC /* LoginPage.swift in Sources */ = {isa = PBXBuildFile; fileRef = 20B886AA29BFCAEA00EA71AC /* LoginPage.swift */; };
		20B886AF29BFCB0200EA71AC /* SignupPage.swift in Sources */ = {isa = PBXBuildFile; fileRef = 20B886AE29BFCB0200EA71AC /* SignupPage.swift */; };
		20B886B029BFCB0200EA71AC /* SignupPage.swift in Sources */ = {isa = PBXBuildFile; fileRef = 20B886AE29BFCB0200EA71AC /* SignupPage.swift */; };
		20B886B129BFCB0200EA71AC /* SignupPage.swift in Sources */ = {isa = PBXBuildFile; fileRef = 20B886AE29BFCB0200EA71AC /* SignupPage.swift */; };
		3806937F29B6E28700E503B6 /* HomeHeaderView.swift in Sources */ = {isa = PBXBuildFile; fileRef = 3806937E29B6E28700E503B6 /* HomeHeaderView.swift */; };
		3806938B29B6F17400E503B6 /* ImageHeaderView.swift in Sources */ = {isa = PBXBuildFile; fileRef = 3806938A29B6F17400E503B6 /* ImageHeaderView.swift */; };
		3806938D29B6F1BC00E503B6 /* ImageContentView.swift in Sources */ = {isa = PBXBuildFile; fileRef = 3806938C29B6F1BC00E503B6 /* ImageContentView.swift */; };
		3806938F29B6F2FA00E503B6 /* PostView.swift in Sources */ = {isa = PBXBuildFile; fileRef = 3806938E29B6F2FA00E503B6 /* PostView.swift */; };
		3806939129B6FDF200E503B6 /* HomePage.swift in Sources */ = {isa = PBXBuildFile; fileRef = 3806939029B6FDF200E503B6 /* HomePage.swift */; };
		3806939329B6FE2A00E503B6 /* FeedScrollView.swift in Sources */ = {isa = PBXBuildFile; fileRef = 3806939229B6FE2A00E503B6 /* FeedScrollView.swift */; };
		3806939B29B7048500E503B6 /* LoadAnimation.swift in Sources */ = {isa = PBXBuildFile; fileRef = 3806939A29B7048500E503B6 /* LoadAnimation.swift */; };
		3806939D29B7061A00E503B6 /* LaunchScreen.swift in Sources */ = {isa = PBXBuildFile; fileRef = 3806939C29B7061A00E503B6 /* LaunchScreen.swift */; };
		38A6A69929B5D18A00539900 /* SettingsPage.swift in Sources */ = {isa = PBXBuildFile; fileRef = 38A6A69829B5D18A00539900 /* SettingsPage.swift */; };
		686AD64829BFEEB00086440F /* AccountContentView.swift in Sources */ = {isa = PBXBuildFile; fileRef = 686AD64729BFEEB00086440F /* AccountContentView.swift */; };
		686AD64929BFEEB00086440F /* AccountContentView.swift in Sources */ = {isa = PBXBuildFile; fileRef = 686AD64729BFEEB00086440F /* AccountContentView.swift */; };
		686AD64A29BFEEB00086440F /* AccountContentView.swift in Sources */ = {isa = PBXBuildFile; fileRef = 686AD64729BFEEB00086440F /* AccountContentView.swift */; };
		686AD64C29BFEEC00086440F /* AccountView.swift in Sources */ = {isa = PBXBuildFile; fileRef = 686AD64B29BFEEC00086440F /* AccountView.swift */; };
		686AD64D29BFEEC00086440F /* AccountView.swift in Sources */ = {isa = PBXBuildFile; fileRef = 686AD64B29BFEEC00086440F /* AccountView.swift */; };
		686AD64E29BFEEC00086440F /* AccountView.swift in Sources */ = {isa = PBXBuildFile; fileRef = 686AD64B29BFEEC00086440F /* AccountView.swift */; };
		686AD65029BFEED20086440F /* AccountHeaderView.swift in Sources */ = {isa = PBXBuildFile; fileRef = 686AD64F29BFEED20086440F /* AccountHeaderView.swift */; };
		686AD65129BFEED20086440F /* AccountHeaderView.swift in Sources */ = {isa = PBXBuildFile; fileRef = 686AD64F29BFEED20086440F /* AccountHeaderView.swift */; };
		686AD65229BFEED20086440F /* AccountHeaderView.swift in Sources */ = {isa = PBXBuildFile; fileRef = 686AD64F29BFEED20086440F /* AccountHeaderView.swift */; };
		686AD65529BFF0000086440F /* AccountPage.swift in Sources */ = {isa = PBXBuildFile; fileRef = 686AD65429BFF0000086440F /* AccountPage.swift */; };
		686AD65629BFF0000086440F /* AccountPage.swift in Sources */ = {isa = PBXBuildFile; fileRef = 686AD65429BFF0000086440F /* AccountPage.swift */; };
		686AD65729BFF0000086440F /* AccountPage.swift in Sources */ = {isa = PBXBuildFile; fileRef = 686AD65429BFF0000086440F /* AccountPage.swift */; };
/* End PBXBuildFile section */

/* Begin PBXContainerItemProxy section */
		2068834629B1441100B33E07 /* PBXContainerItemProxy */ = {
			isa = PBXContainerItemProxy;
			containerPortal = 2068832D29B1440F00B33E07 /* Project object */;
			proxyType = 1;
			remoteGlobalIDString = 2068833429B1440F00B33E07;
			remoteInfo = Squirrel.IO;
		};
		2068835029B1441100B33E07 /* PBXContainerItemProxy */ = {
			isa = PBXContainerItemProxy;
			containerPortal = 2068832D29B1440F00B33E07 /* Project object */;
			proxyType = 1;
			remoteGlobalIDString = 2068833429B1440F00B33E07;
			remoteInfo = Squirrel.IO;
		};
/* End PBXContainerItemProxy section */

/* Begin PBXFileReference section */
		2068833529B1440F00B33E07 /* Squirrel.IO.app */ = {isa = PBXFileReference; explicitFileType = wrapper.application; includeInIndex = 0; path = Squirrel.IO.app; sourceTree = BUILT_PRODUCTS_DIR; };
		2068833829B1440F00B33E07 /* Squirrel_IOApp.swift */ = {isa = PBXFileReference; lastKnownFileType = sourcecode.swift; path = Squirrel_IOApp.swift; sourceTree = "<group>"; };
		2068833A29B1440F00B33E07 /* ContentView.swift */ = {isa = PBXFileReference; lastKnownFileType = sourcecode.swift; path = ContentView.swift; sourceTree = "<group>"; };
		2068833C29B1441100B33E07 /* Assets.xcassets */ = {isa = PBXFileReference; lastKnownFileType = folder.assetcatalog; path = Assets.xcassets; sourceTree = "<group>"; };
		2068833F29B1441100B33E07 /* Preview Assets.xcassets */ = {isa = PBXFileReference; lastKnownFileType = folder.assetcatalog; path = "Preview Assets.xcassets"; sourceTree = "<group>"; };
		2068834529B1441100B33E07 /* Squirrel.IOTests.xctest */ = {isa = PBXFileReference; explicitFileType = wrapper.cfbundle; includeInIndex = 0; path = Squirrel.IOTests.xctest; sourceTree = BUILT_PRODUCTS_DIR; };
		2068834929B1441100B33E07 /* Squirrel_IOTests.swift */ = {isa = PBXFileReference; lastKnownFileType = sourcecode.swift; path = Squirrel_IOTests.swift; sourceTree = "<group>"; };
		2068834F29B1441100B33E07 /* Squirrel.IOUITests.xctest */ = {isa = PBXFileReference; explicitFileType = wrapper.cfbundle; includeInIndex = 0; path = Squirrel.IOUITests.xctest; sourceTree = BUILT_PRODUCTS_DIR; };
		2068835329B1441100B33E07 /* Squirrel_IOUITests.swift */ = {isa = PBXFileReference; lastKnownFileType = sourcecode.swift; path = Squirrel_IOUITests.swift; sourceTree = "<group>"; };
		2068835529B1441100B33E07 /* Squirrel_IOUITestsLaunchTests.swift */ = {isa = PBXFileReference; lastKnownFileType = sourcecode.swift; path = Squirrel_IOUITestsLaunchTests.swift; sourceTree = "<group>"; };
		20B8867D29BAAD1A00EA71AC /* GoogleService-Info.plist */ = {isa = PBXFileReference; fileEncoding = 4; lastKnownFileType = text.plist.xml; path = "GoogleService-Info.plist"; sourceTree = "<group>"; };
		20B886A629BFCAC900EA71AC /* LabelledDivider.swift */ = {isa = PBXFileReference; lastKnownFileType = sourcecode.swift; path = LabelledDivider.swift; sourceTree = "<group>"; };
		20B886AA29BFCAEA00EA71AC /* LoginPage.swift */ = {isa = PBXFileReference; lastKnownFileType = sourcecode.swift; path = LoginPage.swift; sourceTree = "<group>"; };
		20B886AE29BFCB0200EA71AC /* SignupPage.swift */ = {isa = PBXFileReference; lastKnownFileType = sourcecode.swift; path = SignupPage.swift; sourceTree = "<group>"; };
		3806937E29B6E28700E503B6 /* HomeHeaderView.swift */ = {isa = PBXFileReference; lastKnownFileType = sourcecode.swift; path = HomeHeaderView.swift; sourceTree = "<group>"; };
		3806938A29B6F17400E503B6 /* ImageHeaderView.swift */ = {isa = PBXFileReference; lastKnownFileType = sourcecode.swift; path = ImageHeaderView.swift; sourceTree = "<group>"; };
		3806938C29B6F1BC00E503B6 /* ImageContentView.swift */ = {isa = PBXFileReference; lastKnownFileType = sourcecode.swift; path = ImageContentView.swift; sourceTree = "<group>"; };
		3806938E29B6F2FA00E503B6 /* PostView.swift */ = {isa = PBXFileReference; lastKnownFileType = sourcecode.swift; path = PostView.swift; sourceTree = "<group>"; };
		3806939029B6FDF200E503B6 /* HomePage.swift */ = {isa = PBXFileReference; lastKnownFileType = sourcecode.swift; path = HomePage.swift; sourceTree = "<group>"; };
		3806939229B6FE2A00E503B6 /* FeedScrollView.swift */ = {isa = PBXFileReference; lastKnownFileType = sourcecode.swift; path = FeedScrollView.swift; sourceTree = "<group>"; };
		3806939A29B7048500E503B6 /* LoadAnimation.swift */ = {isa = PBXFileReference; lastKnownFileType = sourcecode.swift; path = LoadAnimation.swift; sourceTree = "<group>"; };
		3806939C29B7061A00E503B6 /* LaunchScreen.swift */ = {isa = PBXFileReference; lastKnownFileType = sourcecode.swift; path = LaunchScreen.swift; sourceTree = "<group>"; };
		38A6A69829B5D18A00539900 /* SettingsPage.swift */ = {isa = PBXFileReference; lastKnownFileType = sourcecode.swift; path = SettingsPage.swift; sourceTree = "<group>"; };
		686AD64729BFEEB00086440F /* AccountContentView.swift */ = {isa = PBXFileReference; lastKnownFileType = sourcecode.swift; path = AccountContentView.swift; sourceTree = "<group>"; };
		686AD64B29BFEEC00086440F /* AccountView.swift */ = {isa = PBXFileReference; lastKnownFileType = sourcecode.swift; path = AccountView.swift; sourceTree = "<group>"; };
		686AD64F29BFEED20086440F /* AccountHeaderView.swift */ = {isa = PBXFileReference; lastKnownFileType = sourcecode.swift; path = AccountHeaderView.swift; sourceTree = "<group>"; };
		686AD65429BFF0000086440F /* AccountPage.swift */ = {isa = PBXFileReference; lastKnownFileType = sourcecode.swift; path = AccountPage.swift; sourceTree = "<group>"; };
/* End PBXFileReference section */

/* Begin PBXFrameworksBuildPhase section */
		2068833229B1440F00B33E07 /* Frameworks */ = {
			isa = PBXFrameworksBuildPhase;
			buildActionMask = 2147483647;
			files = (
				20B8868D29BAADD800EA71AC /* FirebaseDatabaseSwift in Frameworks */,
				20B8868B29BAADD800EA71AC /* FirebaseDatabase in Frameworks */,
				20B8868529BAADD800EA71AC /* FirebaseAnalyticsSwift in Frameworks */,
				20B8868729BAADD800EA71AC /* FirebaseAuth in Frameworks */,
				20B8868329BAADD800EA71AC /* FirebaseAnalytics in Frameworks */,
				20B8868929BAADD800EA71AC /* FirebaseAuthCombine-Community in Frameworks */,
			);
			runOnlyForDeploymentPostprocessing = 0;
		};
		2068834229B1441100B33E07 /* Frameworks */ = {
			isa = PBXFrameworksBuildPhase;
			buildActionMask = 2147483647;
			files = (
			);
			runOnlyForDeploymentPostprocessing = 0;
		};
		2068834C29B1441100B33E07 /* Frameworks */ = {
			isa = PBXFrameworksBuildPhase;
			buildActionMask = 2147483647;
			files = (
			);
			runOnlyForDeploymentPostprocessing = 0;
		};
/* End PBXFrameworksBuildPhase section */

/* Begin PBXGroup section */
		2068832C29B1440F00B33E07 = {
			isa = PBXGroup;
			children = (
				2068833729B1440F00B33E07 /* Squirrel.IO */,
				2068834829B1441100B33E07 /* Squirrel.IOTests */,
				2068835229B1441100B33E07 /* Squirrel.IOUITests */,
				2068833629B1440F00B33E07 /* Products */,
			);
			sourceTree = "<group>";
		};
		2068833629B1440F00B33E07 /* Products */ = {
			isa = PBXGroup;
			children = (
				2068833529B1440F00B33E07 /* Squirrel.IO.app */,
				2068834529B1441100B33E07 /* Squirrel.IOTests.xctest */,
				2068834F29B1441100B33E07 /* Squirrel.IOUITests.xctest */,
			);
			name = Products;
			sourceTree = "<group>";
		};
		2068833729B1440F00B33E07 /* Squirrel.IO */ = {
			isa = PBXGroup;
			children = (
				3806937D29B6E1D400E503B6 /* Components */,
				3886F51E29B5CDE200293D7F /* View */,
				2068833829B1440F00B33E07 /* Squirrel_IOApp.swift */,
				2068833A29B1440F00B33E07 /* ContentView.swift */,
				2068833C29B1441100B33E07 /* Assets.xcassets */,
				20B8867D29BAAD1A00EA71AC /* GoogleService-Info.plist */,
				2068833E29B1441100B33E07 /* Preview Content */,
			);
			path = Squirrel.IO;
			sourceTree = "<group>";
		};
		2068833E29B1441100B33E07 /* Preview Content */ = {
			isa = PBXGroup;
			children = (
				2068833F29B1441100B33E07 /* Preview Assets.xcassets */,
			);
			name = "Preview Content";
			path = "Squirrel.IO/Preview Content";
			sourceTree = SOURCE_ROOT;
		};
		2068834829B1441100B33E07 /* Squirrel.IOTests */ = {
			isa = PBXGroup;
			children = (
				2068834929B1441100B33E07 /* Squirrel_IOTests.swift */,
			);
			path = Squirrel.IOTests;
			sourceTree = "<group>";
		};
		2068835229B1441100B33E07 /* Squirrel.IOUITests */ = {
			isa = PBXGroup;
			children = (
				2068835329B1441100B33E07 /* Squirrel_IOUITests.swift */,
				2068835529B1441100B33E07 /* Squirrel_IOUITestsLaunchTests.swift */,
			);
			path = Squirrel.IOUITests;
			sourceTree = "<group>";
		};
		20B886A529BFCA9A00EA71AC /* LandingPage */ = {
			isa = PBXGroup;
			children = (
				20B886A629BFCAC900EA71AC /* LabelledDivider.swift */,
				20B886AA29BFCAEA00EA71AC /* LoginPage.swift */,
				20B886AE29BFCB0200EA71AC /* SignupPage.swift */,
			);
			path = LandingPage;
			sourceTree = "<group>";
		};
		3806937D29B6E1D400E503B6 /* Components */ = {
			isa = PBXGroup;
			children = (
				686AD64629BFEE320086440F /* AccountComponents */,
				20B886A529BFCA9A00EA71AC /* LandingPage */,
				3806939929B7044D00E503B6 /* LaunchScreen */,
				3806939429B701E200E503B6 /* HomeComponents */,
				3806939829B7044200E503B6 /* MiscAnimations */,
			);
			path = Components;
			sourceTree = "<group>";
		};
		3806938129B6E2FF00E503B6 /* HomeFeedPage */ = {
			isa = PBXGroup;
			children = (
				3806939029B6FDF200E503B6 /* HomePage.swift */,
			);
			path = HomeFeedPage;
			sourceTree = "<group>";
		};
		3806939429B701E200E503B6 /* HomeComponents */ = {
			isa = PBXGroup;
			children = (
				3806937E29B6E28700E503B6 /* HomeHeaderView.swift */,
				3806938A29B6F17400E503B6 /* ImageHeaderView.swift */,
				3806938C29B6F1BC00E503B6 /* ImageContentView.swift */,
				3806938E29B6F2FA00E503B6 /* PostView.swift */,
				3806939229B6FE2A00E503B6 /* FeedScrollView.swift */,
			);
			path = HomeComponents;
			sourceTree = "<group>";
		};
		3806939829B7044200E503B6 /* MiscAnimations */ = {
			isa = PBXGroup;
			children = (
				3806939A29B7048500E503B6 /* LoadAnimation.swift */,
			);
			path = MiscAnimations;
			sourceTree = "<group>";
		};
		3806939929B7044D00E503B6 /* LaunchScreen */ = {
			isa = PBXGroup;
			children = (
				3806939C29B7061A00E503B6 /* LaunchScreen.swift */,
			);
			path = LaunchScreen;
			sourceTree = "<group>";
		};
		3886F51E29B5CDE200293D7F /* View */ = {
			isa = PBXGroup;
			children = (
				686AD65329BFEFEF0086440F /* AccountPage */,
				3806938129B6E2FF00E503B6 /* HomeFeedPage */,
				3886F51F29B5CEE300293D7F /* AccountSettingsPage */,
			);
			path = View;
			sourceTree = "<group>";
		};
		3886F51F29B5CEE300293D7F /* AccountSettingsPage */ = {
			isa = PBXGroup;
			children = (
				38A6A69829B5D18A00539900 /* SettingsPage.swift */,
			);
			path = AccountSettingsPage;
			sourceTree = "<group>";
		};
		686AD64629BFEE320086440F /* AccountComponents */ = {
			isa = PBXGroup;
			children = (
				686AD64729BFEEB00086440F /* AccountContentView.swift */,
				686AD64B29BFEEC00086440F /* AccountView.swift */,
				686AD64F29BFEED20086440F /* AccountHeaderView.swift */,
			);
			path = AccountComponents;
			sourceTree = "<group>";
		};
		686AD65329BFEFEF0086440F /* AccountPage */ = {
			isa = PBXGroup;
			children = (
				686AD65429BFF0000086440F /* AccountPage.swift */,
			);
			path = AccountPage;
			sourceTree = "<group>";
		};
/* End PBXGroup section */

/* Begin PBXNativeTarget section */
		2068833429B1440F00B33E07 /* Squirrel.IO */ = {
			isa = PBXNativeTarget;
			buildConfigurationList = 2068835929B1441100B33E07 /* Build configuration list for PBXNativeTarget "Squirrel.IO" */;
			buildPhases = (
				2068833129B1440F00B33E07 /* Sources */,
				2068833229B1440F00B33E07 /* Frameworks */,
				2068833329B1440F00B33E07 /* Resources */,
			);
			buildRules = (
			);
			dependencies = (
			);
			name = Squirrel.IO;
			packageProductDependencies = (
				20B8868229BAADD800EA71AC /* FirebaseAnalytics */,
				20B8868429BAADD800EA71AC /* FirebaseAnalyticsSwift */,
				20B8868629BAADD800EA71AC /* FirebaseAuth */,
				20B8868829BAADD800EA71AC /* FirebaseAuthCombine-Community */,
				20B8868A29BAADD800EA71AC /* FirebaseDatabase */,
				20B8868C29BAADD800EA71AC /* FirebaseDatabaseSwift */,
			);
			productName = Squirrel.IO;
			productReference = 2068833529B1440F00B33E07 /* Squirrel.IO.app */;
			productType = "com.apple.product-type.application";
		};
		2068834429B1441100B33E07 /* Squirrel.IOTests */ = {
			isa = PBXNativeTarget;
			buildConfigurationList = 2068835C29B1441100B33E07 /* Build configuration list for PBXNativeTarget "Squirrel.IOTests" */;
			buildPhases = (
				2068834129B1441100B33E07 /* Sources */,
				2068834229B1441100B33E07 /* Frameworks */,
				2068834329B1441100B33E07 /* Resources */,
			);
			buildRules = (
			);
			dependencies = (
				2068834729B1441100B33E07 /* PBXTargetDependency */,
			);
			name = Squirrel.IOTests;
			productName = Squirrel.IOTests;
			productReference = 2068834529B1441100B33E07 /* Squirrel.IOTests.xctest */;
			productType = "com.apple.product-type.bundle.unit-test";
		};
		2068834E29B1441100B33E07 /* Squirrel.IOUITests */ = {
			isa = PBXNativeTarget;
			buildConfigurationList = 2068835F29B1441100B33E07 /* Build configuration list for PBXNativeTarget "Squirrel.IOUITests" */;
			buildPhases = (
				2068834B29B1441100B33E07 /* Sources */,
				2068834C29B1441100B33E07 /* Frameworks */,
				2068834D29B1441100B33E07 /* Resources */,
			);
			buildRules = (
			);
			dependencies = (
				2068835129B1441100B33E07 /* PBXTargetDependency */,
			);
			name = Squirrel.IOUITests;
			productName = Squirrel.IOUITests;
			productReference = 2068834F29B1441100B33E07 /* Squirrel.IOUITests.xctest */;
			productType = "com.apple.product-type.bundle.ui-testing";
		};
/* End PBXNativeTarget section */

/* Begin PBXProject section */
		2068832D29B1440F00B33E07 /* Project object */ = {
			isa = PBXProject;
			attributes = {
				BuildIndependentTargetsInParallel = 1;
				LastSwiftUpdateCheck = 1420;
				LastUpgradeCheck = 1420;
				TargetAttributes = {
					2068833429B1440F00B33E07 = {
						CreatedOnToolsVersion = 14.2;
					};
					2068834429B1441100B33E07 = {
						CreatedOnToolsVersion = 14.2;
						TestTargetID = 2068833429B1440F00B33E07;
					};
					2068834E29B1441100B33E07 = {
						CreatedOnToolsVersion = 14.2;
						TestTargetID = 2068833429B1440F00B33E07;
					};
				};
			};
			buildConfigurationList = 2068833029B1440F00B33E07 /* Build configuration list for PBXProject "Squirrel.IO" */;
			compatibilityVersion = "Xcode 14.0";
			developmentRegion = en;
			hasScannedForEncodings = 0;
			knownRegions = (
				en,
				Base,
			);
			mainGroup = 2068832C29B1440F00B33E07;
			packageReferences = (
				20B8868129BAADD800EA71AC /* XCRemoteSwiftPackageReference "firebase-ios-sdk" */,
			);
			productRefGroup = 2068833629B1440F00B33E07 /* Products */;
			projectDirPath = "";
			projectRoot = "";
			targets = (
				2068833429B1440F00B33E07 /* Squirrel.IO */,
				2068834429B1441100B33E07 /* Squirrel.IOTests */,
				2068834E29B1441100B33E07 /* Squirrel.IOUITests */,
			);
		};
/* End PBXProject section */

/* Begin PBXResourcesBuildPhase section */
		2068833329B1440F00B33E07 /* Resources */ = {
			isa = PBXResourcesBuildPhase;
			buildActionMask = 2147483647;
			files = (
				2068834029B1441100B33E07 /* Preview Assets.xcassets in Resources */,
				2068833D29B1441100B33E07 /* Assets.xcassets in Resources */,
				20B8867E29BAAD1B00EA71AC /* GoogleService-Info.plist in Resources */,
			);
			runOnlyForDeploymentPostprocessing = 0;
		};
		2068834329B1441100B33E07 /* Resources */ = {
			isa = PBXResourcesBuildPhase;
			buildActionMask = 2147483647;
			files = (
				20B8867F29BAAD1B00EA71AC /* GoogleService-Info.plist in Resources */,
			);
			runOnlyForDeploymentPostprocessing = 0;
		};
		2068834D29B1441100B33E07 /* Resources */ = {
			isa = PBXResourcesBuildPhase;
			buildActionMask = 2147483647;
			files = (
				20B8868029BAAD1B00EA71AC /* GoogleService-Info.plist in Resources */,
			);
			runOnlyForDeploymentPostprocessing = 0;
		};
/* End PBXResourcesBuildPhase section */

/* Begin PBXSourcesBuildPhase section */
		2068833129B1440F00B33E07 /* Sources */ = {
			isa = PBXSourcesBuildPhase;
			buildActionMask = 2147483647;
			files = (
				2068833B29B1440F00B33E07 /* ContentView.swift in Sources */,
				3806939B29B7048500E503B6 /* LoadAnimation.swift in Sources */,
				3806939D29B7061A00E503B6 /* LaunchScreen.swift in Sources */,
				3806938D29B6F1BC00E503B6 /* ImageContentView.swift in Sources */,
				686AD64C29BFEEC00086440F /* AccountView.swift in Sources */,
				20B886A729BFCAC900EA71AC /* LabelledDivider.swift in Sources */,
				3806937F29B6E28700E503B6 /* HomeHeaderView.swift in Sources */,
				20B886AB29BFCAEA00EA71AC /* LoginPage.swift in Sources */,
				2068833929B1440F00B33E07 /* Squirrel_IOApp.swift in Sources */,
				686AD65029BFEED20086440F /* AccountHeaderView.swift in Sources */,
				3806939129B6FDF200E503B6 /* HomePage.swift in Sources */,
				38A6A69929B5D18A00539900 /* SettingsPage.swift in Sources */,
				20B886AF29BFCB0200EA71AC /* SignupPage.swift in Sources */,
				3806938F29B6F2FA00E503B6 /* PostView.swift in Sources */,
				686AD65529BFF0000086440F /* AccountPage.swift in Sources */,
				3806939329B6FE2A00E503B6 /* FeedScrollView.swift in Sources */,
				3806938B29B6F17400E503B6 /* ImageHeaderView.swift in Sources */,
				686AD64829BFEEB00086440F /* AccountContentView.swift in Sources */,
			);
			runOnlyForDeploymentPostprocessing = 0;
		};
		2068834129B1441100B33E07 /* Sources */ = {
			isa = PBXSourcesBuildPhase;
			buildActionMask = 2147483647;
			files = (
				686AD64D29BFEEC00086440F /* AccountView.swift in Sources */,
				20B886A829BFCAC900EA71AC /* LabelledDivider.swift in Sources */,
				20B886AC29BFCAEA00EA71AC /* LoginPage.swift in Sources */,
				20B886B029BFCB0200EA71AC /* SignupPage.swift in Sources */,
				686AD65129BFEED20086440F /* AccountHeaderView.swift in Sources */,
				2068834A29B1441100B33E07 /* Squirrel_IOTests.swift in Sources */,
				686AD65629BFF0000086440F /* AccountPage.swift in Sources */,
				686AD64929BFEEB00086440F /* AccountContentView.swift in Sources */,
			);
			runOnlyForDeploymentPostprocessing = 0;
		};
		2068834B29B1441100B33E07 /* Sources */ = {
			isa = PBXSourcesBuildPhase;
			buildActionMask = 2147483647;
			files = (
				20B886AD29BFCAEA00EA71AC /* LoginPage.swift in Sources */,
				2068835429B1441100B33E07 /* Squirrel_IOUITests.swift in Sources */,
				686AD64A29BFEEB00086440F /* AccountContentView.swift in Sources */,
				686AD65229BFEED20086440F /* AccountHeaderView.swift in Sources */,
				20B886A929BFCAC900EA71AC /* LabelledDivider.swift in Sources */,
				686AD65729BFF0000086440F /* AccountPage.swift in Sources */,
				686AD64E29BFEEC00086440F /* AccountView.swift in Sources */,
				2068835629B1441100B33E07 /* Squirrel_IOUITestsLaunchTests.swift in Sources */,
				20B886B129BFCB0200EA71AC /* SignupPage.swift in Sources */,
			);
			runOnlyForDeploymentPostprocessing = 0;
		};
/* End PBXSourcesBuildPhase section */

/* Begin PBXTargetDependency section */
		2068834729B1441100B33E07 /* PBXTargetDependency */ = {
			isa = PBXTargetDependency;
			target = 2068833429B1440F00B33E07 /* Squirrel.IO */;
			targetProxy = 2068834629B1441100B33E07 /* PBXContainerItemProxy */;
		};
		2068835129B1441100B33E07 /* PBXTargetDependency */ = {
			isa = PBXTargetDependency;
			target = 2068833429B1440F00B33E07 /* Squirrel.IO */;
			targetProxy = 2068835029B1441100B33E07 /* PBXContainerItemProxy */;
		};
/* End PBXTargetDependency section */

/* Begin XCBuildConfiguration section */
		2068835729B1441100B33E07 /* Debug */ = {
			isa = XCBuildConfiguration;
			buildSettings = {
				ALWAYS_SEARCH_USER_PATHS = NO;
				CLANG_ANALYZER_NONNULL = YES;
				CLANG_ANALYZER_NUMBER_OBJECT_CONVERSION = YES_AGGRESSIVE;
				CLANG_CXX_LANGUAGE_STANDARD = "gnu++20";
				CLANG_ENABLE_MODULES = YES;
				CLANG_ENABLE_OBJC_ARC = YES;
				CLANG_ENABLE_OBJC_WEAK = YES;
				CLANG_WARN_BLOCK_CAPTURE_AUTORELEASING = YES;
				CLANG_WARN_BOOL_CONVERSION = YES;
				CLANG_WARN_COMMA = YES;
				CLANG_WARN_CONSTANT_CONVERSION = YES;
				CLANG_WARN_DEPRECATED_OBJC_IMPLEMENTATIONS = YES;
				CLANG_WARN_DIRECT_OBJC_ISA_USAGE = YES_ERROR;
				CLANG_WARN_DOCUMENTATION_COMMENTS = YES;
				CLANG_WARN_EMPTY_BODY = YES;
				CLANG_WARN_ENUM_CONVERSION = YES;
				CLANG_WARN_INFINITE_RECURSION = YES;
				CLANG_WARN_INT_CONVERSION = YES;
				CLANG_WARN_NON_LITERAL_NULL_CONVERSION = YES;
				CLANG_WARN_OBJC_IMPLICIT_RETAIN_SELF = YES;
				CLANG_WARN_OBJC_LITERAL_CONVERSION = YES;
				CLANG_WARN_OBJC_ROOT_CLASS = YES_ERROR;
				CLANG_WARN_QUOTED_INCLUDE_IN_FRAMEWORK_HEADER = YES;
				CLANG_WARN_RANGE_LOOP_ANALYSIS = YES;
				CLANG_WARN_STRICT_PROTOTYPES = YES;
				CLANG_WARN_SUSPICIOUS_MOVE = YES;
				CLANG_WARN_UNGUARDED_AVAILABILITY = YES_AGGRESSIVE;
				CLANG_WARN_UNREACHABLE_CODE = YES;
				CLANG_WARN__DUPLICATE_METHOD_MATCH = YES;
				COPY_PHASE_STRIP = NO;
				DEBUG_INFORMATION_FORMAT = dwarf;
				ENABLE_STRICT_OBJC_MSGSEND = YES;
				ENABLE_TESTABILITY = YES;
				GCC_C_LANGUAGE_STANDARD = gnu11;
				GCC_DYNAMIC_NO_PIC = NO;
				GCC_NO_COMMON_BLOCKS = YES;
				GCC_OPTIMIZATION_LEVEL = 0;
				GCC_PREPROCESSOR_DEFINITIONS = (
					"DEBUG=1",
					"$(inherited)",
				);
				GCC_WARN_64_TO_32_BIT_CONVERSION = YES;
				GCC_WARN_ABOUT_RETURN_TYPE = YES_ERROR;
				GCC_WARN_UNDECLARED_SELECTOR = YES;
				GCC_WARN_UNINITIALIZED_AUTOS = YES_AGGRESSIVE;
				GCC_WARN_UNUSED_FUNCTION = YES;
				GCC_WARN_UNUSED_VARIABLE = YES;
				IPHONEOS_DEPLOYMENT_TARGET = 16.2;
				MTL_ENABLE_DEBUG_INFO = INCLUDE_SOURCE;
				MTL_FAST_MATH = YES;
				ONLY_ACTIVE_ARCH = YES;
				SDKROOT = iphoneos;
				SWIFT_ACTIVE_COMPILATION_CONDITIONS = DEBUG;
				SWIFT_OPTIMIZATION_LEVEL = "-Onone";
			};
			name = Debug;
		};
		2068835829B1441100B33E07 /* Release */ = {
			isa = XCBuildConfiguration;
			buildSettings = {
				ALWAYS_SEARCH_USER_PATHS = NO;
				CLANG_ANALYZER_NONNULL = YES;
				CLANG_ANALYZER_NUMBER_OBJECT_CONVERSION = YES_AGGRESSIVE;
				CLANG_CXX_LANGUAGE_STANDARD = "gnu++20";
				CLANG_ENABLE_MODULES = YES;
				CLANG_ENABLE_OBJC_ARC = YES;
				CLANG_ENABLE_OBJC_WEAK = YES;
				CLANG_WARN_BLOCK_CAPTURE_AUTORELEASING = YES;
				CLANG_WARN_BOOL_CONVERSION = YES;
				CLANG_WARN_COMMA = YES;
				CLANG_WARN_CONSTANT_CONVERSION = YES;
				CLANG_WARN_DEPRECATED_OBJC_IMPLEMENTATIONS = YES;
				CLANG_WARN_DIRECT_OBJC_ISA_USAGE = YES_ERROR;
				CLANG_WARN_DOCUMENTATION_COMMENTS = YES;
				CLANG_WARN_EMPTY_BODY = YES;
				CLANG_WARN_ENUM_CONVERSION = YES;
				CLANG_WARN_INFINITE_RECURSION = YES;
				CLANG_WARN_INT_CONVERSION = YES;
				CLANG_WARN_NON_LITERAL_NULL_CONVERSION = YES;
				CLANG_WARN_OBJC_IMPLICIT_RETAIN_SELF = YES;
				CLANG_WARN_OBJC_LITERAL_CONVERSION = YES;
				CLANG_WARN_OBJC_ROOT_CLASS = YES_ERROR;
				CLANG_WARN_QUOTED_INCLUDE_IN_FRAMEWORK_HEADER = YES;
				CLANG_WARN_RANGE_LOOP_ANALYSIS = YES;
				CLANG_WARN_STRICT_PROTOTYPES = YES;
				CLANG_WARN_SUSPICIOUS_MOVE = YES;
				CLANG_WARN_UNGUARDED_AVAILABILITY = YES_AGGRESSIVE;
				CLANG_WARN_UNREACHABLE_CODE = YES;
				CLANG_WARN__DUPLICATE_METHOD_MATCH = YES;
				COPY_PHASE_STRIP = NO;
				DEBUG_INFORMATION_FORMAT = "dwarf-with-dsym";
				ENABLE_NS_ASSERTIONS = NO;
				ENABLE_STRICT_OBJC_MSGSEND = YES;
				GCC_C_LANGUAGE_STANDARD = gnu11;
				GCC_NO_COMMON_BLOCKS = YES;
				GCC_WARN_64_TO_32_BIT_CONVERSION = YES;
				GCC_WARN_ABOUT_RETURN_TYPE = YES_ERROR;
				GCC_WARN_UNDECLARED_SELECTOR = YES;
				GCC_WARN_UNINITIALIZED_AUTOS = YES_AGGRESSIVE;
				GCC_WARN_UNUSED_FUNCTION = YES;
				GCC_WARN_UNUSED_VARIABLE = YES;
				IPHONEOS_DEPLOYMENT_TARGET = 16.2;
				MTL_ENABLE_DEBUG_INFO = NO;
				MTL_FAST_MATH = YES;
				SDKROOT = iphoneos;
				SWIFT_COMPILATION_MODE = wholemodule;
				SWIFT_OPTIMIZATION_LEVEL = "-O";
				VALIDATE_PRODUCT = YES;
			};
			name = Release;
		};
		2068835A29B1441100B33E07 /* Debug */ = {
			isa = XCBuildConfiguration;
			buildSettings = {
				ASSETCATALOG_COMPILER_APPICON_NAME = AppIcon;
				ASSETCATALOG_COMPILER_GLOBAL_ACCENT_COLOR_NAME = AccentColor;
				CODE_SIGN_STYLE = Automatic;
				CURRENT_PROJECT_VERSION = 1;
				DEVELOPMENT_ASSET_PATHS = "\"Squirrel.IO/Preview Content\"";
				ENABLE_PREVIEWS = YES;
				GENERATE_INFOPLIST_FILE = YES;
				INFOPLIST_KEY_UIApplicationSceneManifest_Generation = YES;
				INFOPLIST_KEY_UIApplicationSupportsIndirectInputEvents = YES;
				INFOPLIST_KEY_UILaunchScreen_Generation = YES;
				INFOPLIST_KEY_UISupportedInterfaceOrientations_iPad = "UIInterfaceOrientationPortrait UIInterfaceOrientationPortraitUpsideDown UIInterfaceOrientationLandscapeLeft UIInterfaceOrientationLandscapeRight";
				INFOPLIST_KEY_UISupportedInterfaceOrientations_iPhone = "UIInterfaceOrientationPortrait UIInterfaceOrientationLandscapeLeft UIInterfaceOrientationLandscapeRight";
				LD_RUNPATH_SEARCH_PATHS = (
					"$(inherited)",
					"@executable_path/Frameworks",
				);
				MARKETING_VERSION = 1.0;
				PRODUCT_BUNDLE_IDENTIFIER = "group-4.Squirrel-IO";
				PRODUCT_NAME = "$(TARGET_NAME)";
				SWIFT_EMIT_LOC_STRINGS = YES;
				SWIFT_VERSION = 5.0;
				TARGETED_DEVICE_FAMILY = "1,2";
			};
			name = Debug;
		};
		2068835B29B1441100B33E07 /* Release */ = {
			isa = XCBuildConfiguration;
			buildSettings = {
				ASSETCATALOG_COMPILER_APPICON_NAME = AppIcon;
				ASSETCATALOG_COMPILER_GLOBAL_ACCENT_COLOR_NAME = AccentColor;
				CODE_SIGN_STYLE = Automatic;
				CURRENT_PROJECT_VERSION = 1;
				DEVELOPMENT_ASSET_PATHS = "\"Squirrel.IO/Preview Content\"";
				ENABLE_PREVIEWS = YES;
				GENERATE_INFOPLIST_FILE = YES;
				INFOPLIST_KEY_UIApplicationSceneManifest_Generation = YES;
				INFOPLIST_KEY_UIApplicationSupportsIndirectInputEvents = YES;
				INFOPLIST_KEY_UILaunchScreen_Generation = YES;
				INFOPLIST_KEY_UISupportedInterfaceOrientations_iPad = "UIInterfaceOrientationPortrait UIInterfaceOrientationPortraitUpsideDown UIInterfaceOrientationLandscapeLeft UIInterfaceOrientationLandscapeRight";
				INFOPLIST_KEY_UISupportedInterfaceOrientations_iPhone = "UIInterfaceOrientationPortrait UIInterfaceOrientationLandscapeLeft UIInterfaceOrientationLandscapeRight";
				LD_RUNPATH_SEARCH_PATHS = (
					"$(inherited)",
					"@executable_path/Frameworks",
				);
				MARKETING_VERSION = 1.0;
				PRODUCT_BUNDLE_IDENTIFIER = "group-4.Squirrel-IO";
				PRODUCT_NAME = "$(TARGET_NAME)";
				SWIFT_EMIT_LOC_STRINGS = YES;
				SWIFT_VERSION = 5.0;
				TARGETED_DEVICE_FAMILY = "1,2";
			};
			name = Release;
		};
		2068835D29B1441100B33E07 /* Debug */ = {
			isa = XCBuildConfiguration;
			buildSettings = {
				ALWAYS_EMBED_SWIFT_STANDARD_LIBRARIES = YES;
				BUNDLE_LOADER = "$(TEST_HOST)";
				CODE_SIGN_STYLE = Automatic;
				CURRENT_PROJECT_VERSION = 1;
				GENERATE_INFOPLIST_FILE = YES;
				IPHONEOS_DEPLOYMENT_TARGET = 16.2;
				MARKETING_VERSION = 1.0;
				PRODUCT_BUNDLE_IDENTIFIER = "group-4.Squirrel-IOTests";
				PRODUCT_NAME = "$(TARGET_NAME)";
				SWIFT_EMIT_LOC_STRINGS = NO;
				SWIFT_VERSION = 5.0;
				TARGETED_DEVICE_FAMILY = "1,2";
				TEST_HOST = "$(BUILT_PRODUCTS_DIR)/Squirrel.IO.app/$(BUNDLE_EXECUTABLE_FOLDER_PATH)/Squirrel.IO";
			};
			name = Debug;
		};
		2068835E29B1441100B33E07 /* Release */ = {
			isa = XCBuildConfiguration;
			buildSettings = {
				ALWAYS_EMBED_SWIFT_STANDARD_LIBRARIES = YES;
				BUNDLE_LOADER = "$(TEST_HOST)";
				CODE_SIGN_STYLE = Automatic;
				CURRENT_PROJECT_VERSION = 1;
				GENERATE_INFOPLIST_FILE = YES;
				IPHONEOS_DEPLOYMENT_TARGET = 16.2;
				MARKETING_VERSION = 1.0;
				PRODUCT_BUNDLE_IDENTIFIER = "group-4.Squirrel-IOTests";
				PRODUCT_NAME = "$(TARGET_NAME)";
				SWIFT_EMIT_LOC_STRINGS = NO;
				SWIFT_VERSION = 5.0;
				TARGETED_DEVICE_FAMILY = "1,2";
				TEST_HOST = "$(BUILT_PRODUCTS_DIR)/Squirrel.IO.app/$(BUNDLE_EXECUTABLE_FOLDER_PATH)/Squirrel.IO";
			};
			name = Release;
		};
		2068836029B1441100B33E07 /* Debug */ = {
			isa = XCBuildConfiguration;
			buildSettings = {
				ALWAYS_EMBED_SWIFT_STANDARD_LIBRARIES = YES;
				CODE_SIGN_STYLE = Automatic;
				CURRENT_PROJECT_VERSION = 1;
				GENERATE_INFOPLIST_FILE = YES;
				MARKETING_VERSION = 1.0;
				PRODUCT_BUNDLE_IDENTIFIER = "group-4.Squirrel-IOUITests";
				PRODUCT_NAME = "$(TARGET_NAME)";
				SWIFT_EMIT_LOC_STRINGS = NO;
				SWIFT_VERSION = 5.0;
				TARGETED_DEVICE_FAMILY = "1,2";
				TEST_TARGET_NAME = Squirrel.IO;
			};
			name = Debug;
		};
		2068836129B1441100B33E07 /* Release */ = {
			isa = XCBuildConfiguration;
			buildSettings = {
				ALWAYS_EMBED_SWIFT_STANDARD_LIBRARIES = YES;
				CODE_SIGN_STYLE = Automatic;
				CURRENT_PROJECT_VERSION = 1;
				GENERATE_INFOPLIST_FILE = YES;
				MARKETING_VERSION = 1.0;
				PRODUCT_BUNDLE_IDENTIFIER = "group-4.Squirrel-IOUITests";
				PRODUCT_NAME = "$(TARGET_NAME)";
				SWIFT_EMIT_LOC_STRINGS = NO;
				SWIFT_VERSION = 5.0;
				TARGETED_DEVICE_FAMILY = "1,2";
				TEST_TARGET_NAME = Squirrel.IO;
			};
			name = Release;
		};
/* End XCBuildConfiguration section */

/* Begin XCConfigurationList section */
		2068833029B1440F00B33E07 /* Build configuration list for PBXProject "Squirrel.IO" */ = {
			isa = XCConfigurationList;
			buildConfigurations = (
				2068835729B1441100B33E07 /* Debug */,
				2068835829B1441100B33E07 /* Release */,
			);
			defaultConfigurationIsVisible = 0;
			defaultConfigurationName = Release;
		};
		2068835929B1441100B33E07 /* Build configuration list for PBXNativeTarget "Squirrel.IO" */ = {
			isa = XCConfigurationList;
			buildConfigurations = (
				2068835A29B1441100B33E07 /* Debug */,
				2068835B29B1441100B33E07 /* Release */,
			);
			defaultConfigurationIsVisible = 0;
			defaultConfigurationName = Release;
		};
		2068835C29B1441100B33E07 /* Build configuration list for PBXNativeTarget "Squirrel.IOTests" */ = {
			isa = XCConfigurationList;
			buildConfigurations = (
				2068835D29B1441100B33E07 /* Debug */,
				2068835E29B1441100B33E07 /* Release */,
			);
			defaultConfigurationIsVisible = 0;
			defaultConfigurationName = Release;
		};
		2068835F29B1441100B33E07 /* Build configuration list for PBXNativeTarget "Squirrel.IOUITests" */ = {
			isa = XCConfigurationList;
			buildConfigurations = (
				2068836029B1441100B33E07 /* Debug */,
				2068836129B1441100B33E07 /* Release */,
			);
			defaultConfigurationIsVisible = 0;
			defaultConfigurationName = Release;
		};
/* End XCConfigurationList section */

/* Begin XCRemoteSwiftPackageReference section */
		20B8868129BAADD800EA71AC /* XCRemoteSwiftPackageReference "firebase-ios-sdk" */ = {
			isa = XCRemoteSwiftPackageReference;
			repositoryURL = "https://github.com/firebase/firebase-ios-sdk";
			requirement = {
				kind = upToNextMajorVersion;
				minimumVersion = 9.0.0;
			};
		};
/* End XCRemoteSwiftPackageReference section */

/* Begin XCSwiftPackageProductDependency section */
		20B8868229BAADD800EA71AC /* FirebaseAnalytics */ = {
			isa = XCSwiftPackageProductDependency;
			package = 20B8868129BAADD800EA71AC /* XCRemoteSwiftPackageReference "firebase-ios-sdk" */;
			productName = FirebaseAnalytics;
		};
		20B8868429BAADD800EA71AC /* FirebaseAnalyticsSwift */ = {
			isa = XCSwiftPackageProductDependency;
			package = 20B8868129BAADD800EA71AC /* XCRemoteSwiftPackageReference "firebase-ios-sdk" */;
			productName = FirebaseAnalyticsSwift;
		};
		20B8868629BAADD800EA71AC /* FirebaseAuth */ = {
			isa = XCSwiftPackageProductDependency;
			package = 20B8868129BAADD800EA71AC /* XCRemoteSwiftPackageReference "firebase-ios-sdk" */;
			productName = FirebaseAuth;
		};
		20B8868829BAADD800EA71AC /* FirebaseAuthCombine-Community */ = {
			isa = XCSwiftPackageProductDependency;
			package = 20B8868129BAADD800EA71AC /* XCRemoteSwiftPackageReference "firebase-ios-sdk" */;
			productName = "FirebaseAuthCombine-Community";
		};
		20B8868A29BAADD800EA71AC /* FirebaseDatabase */ = {
			isa = XCSwiftPackageProductDependency;
			package = 20B8868129BAADD800EA71AC /* XCRemoteSwiftPackageReference "firebase-ios-sdk" */;
			productName = FirebaseDatabase;
		};
		20B8868C29BAADD800EA71AC /* FirebaseDatabaseSwift */ = {
			isa = XCSwiftPackageProductDependency;
			package = 20B8868129BAADD800EA71AC /* XCRemoteSwiftPackageReference "firebase-ios-sdk" */;
			productName = FirebaseDatabaseSwift;
		};
/* End XCSwiftPackageProductDependency section */
	};
	rootObject = 2068832D29B1440F00B33E07 /* Project object */;
}
